
Microsoft Visual Studio Solution File, Format Version 11.00
# Visual Studio 2010
Project("{FAE04EC0-301F-11D3-BF4B-00C04F79EFBC}") = "WinForm", "WinForm.csproj", "{EB24899D-9A7B-460C-A4FB-9B996DE87FED}"
EndProject
Global
	GlobalSection(SolutionConfigurationPlatforms) = preSolution
		Debug|Any CPU = Debug|Any CPU
		Debug|Mixed Platforms = Debug|Mixed Platforms
		Debug|x86 = Debug|x86
		Release|Any CPU = Release|Any CPU
		Release|Mixed Platforms = Release|Mixed Platforms
		Release|x86 = Release|x86
	EndGlobalSection
	GlobalSection(ProjectConfigurationPlatforms) = postSolution
		{EB24899D-9A7B-460C-A4FB-9B996DE87FED}.Debug|Any CPU.ActiveCfg = Debug|Any CPU
		{EB24899D-9A7B-460C-A4FB-9B996DE87FED}.Debug|Any CPU.Build.0 = Debug|Any CPU
		{EB24899D-9A7B-460C-A4FB-9B996DE87FED}.Debug|Mixed Platforms.ActiveCfg = Debug|Any CPU
		{EB24899D-9A7B-460C-A4FB-9B996DE87FED}.Debug|Mixed Platforms.Build.0 = Debug|Any CPU
		{EB24899D-9A7B-460C-A4FB-9B996DE87FED}.Debug|x86.ActiveCfg = Debug|Any CPU
		{EB24899D-9A7B-460C-A4FB-9B996DE87FED}.Release|Any CPU.ActiveCfg = Release|Any CPU
		{EB24899D-9A7B-460C-A4FB-9B996DE87FED}.Release|Any CPU.Build.0 = Release|Any CPU
		{EB24899D-9A7B-460C-A4FB-9B996DE87FED}.Release|Mixed Platforms.ActiveCfg = Release|Any CPU
		{EB24899D-9A7B-460C-A4FB-9B996DE87FED}.Release|Mixed Platforms.Build.0 = Release|Any CPU
		{EB24899D-9A7B-460C-A4FB-9B996DE87FED}.Release|x86.ActiveCfg = Release|Any CPU
	EndGlobalSection
	GlobalSection(SolutionProperties) = preSolution
		HideSolutionNode = FALSE
	EndGlobalSection
EndGlobal
